dependencies:
- name: mongodb
  repository: https://charts.bitnami.com/bitnami
  version: 7.2.11
- name: minio
  repository: https://charts.bitnami.com/bitnami
  version: 3.4.21
- name: rabbitmq
  repository: https://charts.bitnami.com/bitnami
  version: 7.1.2
- name: elasticsearch2
  repository: https://opensource.ncsa.illinois.edu/charts/
  version: ~0.2
digest: sha256:d3754bfd1cac0d88fb3a6f477e6a0ec276ebe594029858687c1b46fb034a408d
generated: "2020-08-26T15:56:33.137459-05:00"
