dependencies:
- name: mongodb
  repository: https://charts.bitnami.com/bitnami
  version: 7.2.11
- name: minio
  repository: https://charts.bitnami.com/bitnami
  version: 3.4.21
- name: rabbitmq
  repository: https://charts.bitnami.com/bitnami
  version: 7.6.7
- name: elasticsearch2
  repository: https://opensource.ncsa.illinois.edu/charts/
  version: 0.2.1
digest: sha256:8158081d760fa7dcd8a9bf6e6754676456be7be8e6aa48722c7689cb42953979
generated: "2020-09-24T17:30:08.590491-05:00"
