dependencies:
- name: mongodb
  repository: https://kubernetes-charts.storage.googleapis.com/
  version: 7.2.11
- name: rabbitmq
  repository: https://kubernetes-charts.storage.googleapis.com/
  version: 6.4.5
- name: elasticsearch2
  repository: https://opensource.ncsa.illinois.edu/charts/
  version: 0.1.0
digest: sha256:21b417b7717e74916e9bcd5e7461dd3447c7a03606528be4656d5a4074e484d6
generated: "2019-10-14T21:35:36.65046-05:00"
