dependencies:
- name: postgresql
  repository: https://charts.bitnami.com/bitnami
  version: 11.1.5
- name: minio
  repository: https://charts.bitnami.com/bitnami
  version: 11.1.1
digest: sha256:8ef0ea9e40891552b7823a4b64b2276688a9b89bfd5d2df5d6b0a8c5dcf54c75
generated: "2022-03-10T11:03:05.440816-06:00"
