dependencies:
- name: postgresql
  repository: https://charts.bitnami.com/bitnami
  version: 11.9.13
- name: minio
  repository: https://charts.bitnami.com/bitnami
  version: 11.10.26
digest: sha256:510d2733eeefedce7d3f6da9bec18934e91a7db4387dae104c625d3b60981002
generated: "2023-02-25T16:11:02.948482-06:00"
